// !$*UTF8*$!
{
	archiveVersion = 1;
	classes = {
	};
	objectVersion = 77;
	objects = {

/* Begin PBXContainerItemProxy section */
		A262132C2E93E6F300BBBEF0 /* PBXContainerItemProxy */ = {
			isa = PBXContainerItemProxy;
			containerPortal = A262130D2E93E6F100BBBEF0 /* Project object */;
			proxyType = 1;
			remoteGlobalIDString = A26213142E93E6F100BBBEF0;
			remoteInfo = stockProject;
		};
		A26213362E93E6F300BBBEF0 /* PBXContainerItemProxy */ = {
			isa = PBXContainerItemProxy;
			containerPortal = A262130D2E93E6F100BBBEF0 /* Project object */;
			proxyType = 1;
			remoteGlobalIDString = A26213142E93E6F100BBBEF0;
			remoteInfo = stockProject;
		};
/* End PBXContainerItemProxy section */

/* Begin PBXFileReference section */
		A26213152E93E6F100BBBEF0 /* stockProject.app */ = {isa = PBXFileReference; explicitFileType = wrapper.application; includeInIndex = 0; path = stockProject.app; sourceTree = BUILT_PRODUCTS_DIR; };
		A262132B2E93E6F300BBBEF0 /* stockProjectTests.xctest */ = {isa = PBXFileReference; explicitFileType = wrapper.cfbundle; includeInIndex = 0; path = stockProjectTests.xctest; sourceTree = BUILT_PRODUCTS_DIR; };
		A26213352E93E6F300BBBEF0 /* stockProjectUITests.xctest */ = {isa = PBXFileReference; explicitFileType = wrapper.cfbundle; includeInIndex = 0; path = stockProjectUITests.xctest; sourceTree = BUILT_PRODUCTS_DIR; };
/* End PBXFileReference section */

/* Begin PBXFileSystemSynchronizedBuildFileExceptionSet section */
		A262133D2E93E6F300BBBEF0 /* Exceptions for "stockProject" folder in "stockProject" target */ = {
			isa = PBXFileSystemSynchronizedBuildFileExceptionSet;
			membershipExceptions = (
				Info.plist,
			);
			target = A26213142E93E6F100BBBEF0 /* stockProject */;
		};
/* End PBXFileSystemSynchronizedBuildFileExceptionSet section */

/* Begin PBXFileSystemSynchronizedRootGroup section */
		A26213172E93E6F100BBBEF0 /* stockProject */ = {
			isa = PBXFileSystemSynchronizedRootGroup;
			exceptions = (
				A262133D2E93E6F300BBBEF0 /* Exceptions for "stockProject" folder in "stockProject" target */,
			);
			path = stockProject;
			sourceTree = "<group>";
		};
		A262132E2E93E6F300BBBEF0 /* stockProjectTests */ = {
			isa = PBXFileSystemSynchronizedRootGroup;
			path = stockProjectTests;
			sourceTree = "<group>";
		};
		A26213382E93E6F300BBBEF0 /* stockProjectUITests */ = {
			isa = PBXFileSystemSynchronizedRootGroup;
			path = stockProjectUITests;
			sourceTree = "<group>";
		};
/* End PBXFileSystemSynchronizedRootGroup section */

/* Begin PBXFrameworksBuildPhase section */
		A26213122E93E6F100BBBEF0 /* Frameworks */ = {
			isa = PBXFrameworksBuildPhase;
			buildActionMask = 2147483647;
			files = (
			);
			runOnlyForDeploymentPostprocessing = 0;
		};
		A26213282E93E6F300BBBEF0 /* Frameworks */ = {
			isa = PBXFrameworksBuildPhase;
			buildActionMask = 2147483647;
			files = (
			);
			runOnlyForDeploymentPostprocessing = 0;
		};
		A26213322E93E6F300BBBEF0 /* Frameworks */ = {
			isa = PBXFrameworksBuildPhase;
			buildActionMask = 2147483647;
			files = (
			);
			runOnlyForDeploymentPostprocessing = 0;
		};
/* End PBXFrameworksBuildPhase section */

/* Begin PBXGroup section */
		A262130C2E93E6F100BBBEF0 = {
			isa = PBXGroup;
			children = (
				A26213172E93E6F100BBBEF0 /* stockProject */,
				A262132E2E93E6F300BBBEF0 /* stockProjectTests */,
				A26213382E93E6F300BBBEF0 /* stockProjectUITests */,
				A26213162E93E6F100BBBEF0 /* Products */,
			);
			sourceTree = "<group>";
		};
		A26213162E93E6F100BBBEF0 /* Products */ = {
			isa = PBXGroup;
			children = (
				A26213152E93E6F100BBBEF0 /* stockProject.app */,
				A262132B2E93E6F300BBBEF0 /* stockProjectTests.xctest */,
				A26213352E93E6F300BBBEF0 /* stockProjectUITests.xctest */,
			);
			name = Products;
			sourceTree = "<group>";
		};
/* End PBXGroup section */

/* Begin PBXNativeTarget section */
		A26213142E93E6F100BBBEF0 /* stockProject */ = {
			isa = PBXNativeTarget;
			buildConfigurationList = A262133E2E93E6F300BBBEF0 /* Build configuration list for PBXNativeTarget "stockProject" */;
			buildPhases = (
				A26213112E93E6F100BBBEF0 /* Sources */,
				A26213122E93E6F100BBBEF0 /* Frameworks */,
				A26213132E93E6F100BBBEF0 /* Resources */,
			);
			buildRules = (
			);
			dependencies = (
			);
			fileSystemSynchronizedGroups = (
				A26213172E93E6F100BBBEF0 /* stockProject */,
			);
			name = stockProject;
			packageProductDependencies = (
			);
			productName = stockProject;
			productReference = A26213152E93E6F100BBBEF0 /* stockProject.app */;
			productType = "com.apple.product-type.application";
		};
		A262132A2E93E6F300BBBEF0 /* stockProjectTests */ = {
			isa = PBXNativeTarget;
			buildConfigurationList = A26213432E93E6F300BBBEF0 /* Build configuration list for PBXNativeTarget "stockProjectTests" */;
			buildPhases = (
				A26213272E93E6F300BBBEF0 /* Sources */,
				A26213282E93E6F300BBBEF0 /* Frameworks */,
				A26213292E93E6F300BBBEF0 /* Resources */,
			);
			buildRules = (
			);
			dependencies = (
				A262132D2E93E6F300BBBEF0 /* PBXTargetDependency */,
			);
			fileSystemSynchronizedGroups = (
				A262132E2E93E6F300BBBEF0 /* stockProjectTests */,
			);
			name = stockProjectTests;
			packageProductDependencies = (
			);
			productName = stockProjectTests;
			productReference = A262132B2E93E6F300BBBEF0 /* stockProjectTests.xctest */;
			productType = "com.apple.product-type.bundle.unit-test";
		};
		A26213342E93E6F300BBBEF0 /* stockProjectUITests */ = {
			isa = PBXNativeTarget;
			buildConfigurationList = A26213462E93E6F300BBBEF0 /* Build configuration list for PBXNativeTarget "stockProjectUITests" */;
			buildPhases = (
				A26213312E93E6F300BBBEF0 /* Sources */,
				A26213322E93E6F300BBBEF0 /* Frameworks */,
				A26213332E93E6F300BBBEF0 /* Resources */,
			);
			buildRules = (
			);
			dependencies = (
				A26213372E93E6F300BBBEF0 /* PBXTargetDependency */,
			);
			fileSystemSynchronizedGroups = (
				A26213382E93E6F300BBBEF0 /* stockProjectUITests */,
			);
			name = stockProjectUITests;
			packageProductDependencies = (
			);
			productName = stockProjectUITests;
			productReference = A26213352E93E6F300BBBEF0 /* stockProjectUITests.xctest */;
			productType = "com.apple.product-type.bundle.ui-testing";
		};
/* End PBXNativeTarget section */

/* Begin PBXProject section */
		A262130D2E93E6F100BBBEF0 /* Project object */ = {
			isa = PBXProject;
			attributes = {
				BuildIndependentTargetsInParallel = 1;
				LastSwiftUpdateCheck = 1620;
				LastUpgradeCheck = 1620;
				TargetAttributes = {
					A26213142E93E6F100BBBEF0 = {
						CreatedOnToolsVersion = 16.2;
					};
					A262132A2E93E6F300BBBEF0 = {
						CreatedOnToolsVersion = 16.2;
						TestTargetID = A26213142E93E6F100BBBEF0;
					};
					A26213342E93E6F300BBBEF0 = {
						CreatedOnToolsVersion = 16.2;
						TestTargetID = A26213142E93E6F100BBBEF0;
					};
				};
			};
			buildConfigurationList = A26213102E93E6F100BBBEF0 /* Build configuration list for PBXProject "stockProject" */;
			developmentRegion = en;
			hasScannedForEncodings = 0;
			knownRegions = (
				en,
				Base,
			);
			mainGroup = A262130C2E93E6F100BBBEF0;
			minimizedProjectReferenceProxies = 1;
			preferredProjectObjectVersion = 77;
			productRefGroup = A26213162E93E6F100BBBEF0 /* Products */;
			projectDirPath = "";
			projectRoot = "";
			targets = (
				A26213142E93E6F100BBBEF0 /* stockProject */,
				A262132A2E93E6F300BBBEF0 /* stockProjectTests */,
				A26213342E93E6F300BBBEF0 /* stockProjectUITests */,
			);
		};
/* End PBXProject section */

/* Begin PBXResourcesBuildPhase section */
		A26213132E93E6F100BBBEF0 /* Resources */ = {
			isa = PBXResourcesBuildPhase;
			buildActionMask = 2147483647;
			files = (
			);
			runOnlyForDeploymentPostprocessing = 0;
		};
		A26213292E93E6F300BBBEF0 /* Resources */ = {
			isa = PBXResourcesBuildPhase;
			buildActionMask = 2147483647;
			files = (
			);
			runOnlyForDeploymentPostprocessing = 0;
		};
		A26213332E93E6F300BBBEF0 /* Resources */ = {
			isa = PBXResourcesBuildPhase;
			buildActionMask = 2147483647;
			files = (
			);
			runOnlyForDeploymentPostprocessing = 0;
		};
/* End PBXResourcesBuildPhase section */

/* Begin PBXSourcesBuildPhase section */
		A26213112E93E6F100BBBEF0 /* Sources */ = {
			isa = PBXSourcesBuildPhase;
			buildActionMask = 2147483647;
			files = (
			);
			runOnlyForDeploymentPostprocessing = 0;
		};
		A26213272E93E6F300BBBEF0 /* Sources */ = {
			isa = PBXSourcesBuildPhase;
			buildActionMask = 2147483647;
			files = (
			);
			runOnlyForDeploymentPostprocessing = 0;
		};
		A26213312E93E6F300BBBEF0 /* Sources */ = {
			isa = PBXSourcesBuildPhase;
			buildActionMask = 2147483647;
			files = (
			);
			runOnlyForDeploymentPostprocessing = 0;
		};
/* End PBXSourcesBuildPhase section */

/* Begin PBXTargetDependency section */
		A262132D2E93E6F300BBBEF0 /* PBXTargetDependency */ = {
			isa = PBXTargetDependency;
			target = A26213142E93E6F100BBBEF0 /* stockProject */;
			targetProxy = A262132C2E93E6F300BBBEF0 /* PBXContainerItemProxy */;
		};
		A26213372E93E6F300BBBEF0 /* PBXTargetDependency */ = {
			isa = PBXTargetDependency;
			target = A26213142E93E6F100BBBEF0 /* stockProject */;
			targetProxy = A26213362E93E6F300BBBEF0 /* PBXContainerItemProxy */;
		};
/* End PBXTargetDependency section */

/* Begin XCBuildConfiguration section */
		A262133F2E93E6F300BBBEF0 /* Debug */ = {
			isa = XCBuildConfiguration;
			buildSettings = {
				ASSETCATALOG_COMPILER_APPICON_NAME = AppIcon;
				ASSETCATALOG_COMPILER_GLOBAL_ACCENT_COLOR_NAME = AccentColor;
				CODE_SIGN_STYLE = Automatic;
				CURRENT_PROJECT_VERSION = 1;
				DEVELOPMENT_TEAM = 4Q738PTDH9;
				GENERATE_INFOPLIST_FILE = YES;
				INFOPLIST_FILE = stockProject/Info.plist;
				INFOPLIST_KEY_UIApplicationSupportsIndirectInputEvents = YES;
				INFOPLIST_KEY_UILaunchStoryboardName = LaunchScreen;
				INFOPLIST_KEY_UIMainStoryboardFile = Main;
				INFOPLIST_KEY_UISupportedInterfaceOrientations_iPad = "UIInterfaceOrientationPortrait UIInterfaceOrientationPortraitUpsideDown UIInterfaceOrientationLandscapeLeft UIInterfaceOrientationLandscapeRight";
				INFOPLIST_KEY_UISupportedInterfaceOrientations_iPhone = "UIInterfaceOrientationPortrait UIInterfaceOrientationLandscapeLeft UIInterfaceOrientationLandscapeRight";
				LD_RUNPATH_SEARCH_PATHS = (
					"$(inherited)",
					"@executable_path/Frameworks",
				);
				MARKETING_VERSION = 1.0;
				PRODUCT_BUNDLE_IDENTIFIER = leon.stockProject;
				PRODUCT_NAME = "$(TARGET_NAME)";
				SWIFT_EMIT_LOC_STRINGS = YES;
				SWIFT_VERSION = 5.0;
				TARGETED_DEVICE_FAMILY = "1,2";
			};
			name = Debug;
		};
		A26213402E93E6F300BBBEF0 /* Release */ = {
			isa = XCBuildConfiguration;
			buildSettings = {
				ASSETCATALOG_COMPILER_APPICON_NAME = AppIcon;
				ASSETCATALOG_COMPILER_GLOBAL_ACCENT_COLOR_NAME = AccentColor;
				CODE_SIGN_STYLE = Automatic;
				CURRENT_PROJECT_VERSION = 1;
				DEVELOPMENT_TEAM = 4Q738PTDH9;
				GENERATE_INFOPLIST_FILE = YES;
				INFOPLIST_FILE = stockProject/Info.plist;
				INFOPLIST_KEY_UIApplicationSupportsIndirectInputEvents = YES;
				INFOPLIST_KEY_UILaunchStoryboardName = LaunchScreen;
				INFOPLIST_KEY_UIMainStoryboardFile = Main;
				INFOPLIST_KEY_UISupportedInterfaceOrientations_iPad = "UIInterfaceOrientationPortrait UIInterfaceOrientationPortraitUpsideDown UIInterfaceOrientationLandscapeLeft UIInterfaceOrientationLandscapeRight";
				INFOPLIST_KEY_UISupportedInterfaceOrientations_iPhone = "UIInterfaceOrientationPortrait UIInterfaceOrientationLandscapeLeft UIInterfaceOrientationLandscapeRight";
				LD_RUNPATH_SEARCH_PATHS = (
					"$(inherited)",
					"@executable_path/Frameworks",
				);
				MARKETING_VERSION = 1.0;
				PRODUCT_BUNDLE_IDENTIFIER = leon.stockProject;
				PRODUCT_NAME = "$(TARGET_NAME)";
				SWIFT_EMIT_LOC_STRINGS = YES;
				SWIFT_VERSION = 5.0;
				TARGETED_DEVICE_FAMILY = "1,2";
			};
			name = Release;
		};
		A26213412E93E6F300BBBEF0 /* Debug */ = {
			isa = XCBuildConfiguration;
			buildSettings = {
				ALWAYS_SEARCH_USER_PATHS = NO;
				ASSETCATALOG_COMPILER_GENERATE_SWIFT_ASSET_SYMBOL_EXTENSIONS = YES;
				CLANG_ANALYZER_NONNULL = YES;
				CLANG_ANALYZER_NUMBER_OBJECT_CONVERSION = YES_AGGRESSIVE;
				CLANG_CXX_LANGUAGE_STANDARD = "gnu++20";
				CLANG_ENABLE_MODULES = YES;
				CLANG_ENABLE_OBJC_ARC = YES;
				CLANG_ENABLE_OBJC_WEAK = YES;
				CLANG_WARN_BLOCK_CAPTURE_AUTORELEASING = YES;
				CLANG_WARN_BOOL_CONVERSION = YES;
				CLANG_WARN_COMMA = YES;
				CLANG_WARN_CONSTANT_CONVERSION = YES;
				CLANG_WARN_DEPRECATED_OBJC_IMPLEMENTATIONS = YES;
				CLANG_WARN_DIRECT_OBJC_ISA_USAGE = YES_ERROR;
				CLANG_WARN_DOCUMENTATION_COMMENTS = YES;
				CLANG_WARN_EMPTY_BODY = YES;
				CLANG_WARN_ENUM_CONVERSION = YES;
				CLANG_WARN_INFINITE_RECURSION = YES;
				CLANG_WARN_INT_CONVERSION = YES;
				CLANG_WARN_NON_LITERAL_NULL_CONVERSION = YES;
				CLANG_WARN_OBJC_IMPLICIT_RETAIN_SELF = YES;
				CLANG_WARN_OBJC_LITERAL_CONVERSION = YES;
				CLANG_WARN_OBJC_ROOT_CLASS = YES_ERROR;
				CLANG_WARN_QUOTED_INCLUDE_IN_FRAMEWORK_HEADER = YES;
				CLANG_WARN_RANGE_LOOP_ANALYSIS = YES;
				CLANG_WARN_STRICT_PROTOTYPES = YES;
				CLANG_WARN_SUSPICIOUS_MOVE = YES;
				CLANG_WARN_UNGUARDED_AVAILABILITY = YES_AGGRESSIVE;
				CLANG_WARN_UNREACHABLE_CODE = YES;
				CLANG_WARN__DUPLICATE_METHOD_MATCH = YES;
				COPY_PHASE_STRIP = NO;
				DEBUG_INFORMATION_FORMAT = dwarf;
				ENABLE_STRICT_OBJC_MSGSEND = YES;
				ENABLE_TESTABILITY = YES;
				ENABLE_USER_SCRIPT_SANDBOXING = YES;
				GCC_C_LANGUAGE_STANDARD = gnu17;
				GCC_DYNAMIC_NO_PIC = NO;
				GCC_NO_COMMON_BLOCKS = YES;
				GCC_OPTIMIZATION_LEVEL = 0;
				GCC_PREPROCESSOR_DEFINITIONS = (
					"DEBUG=1",
					"$(inherited)",
				);
				GCC_WARN_64_TO_32_BIT_CONVERSION = YES;
				GCC_WARN_ABOUT_RETURN_TYPE = YES_ERROR;
				GCC_WARN_UNDECLARED_SELECTOR = YES;
				GCC_WARN_UNINITIALIZED_AUTOS = YES_AGGRESSIVE;
				GCC_WARN_UNUSED_FUNCTION = YES;
				GCC_WARN_UNUSED_VARIABLE = YES;
				IPHONEOS_DEPLOYMENT_TARGET = 18.2;
				LOCALIZATION_PREFERS_STRING_CATALOGS = YES;
				MTL_ENABLE_DEBUG_INFO = INCLUDE_SOURCE;
				MTL_FAST_MATH = YES;
				ONLY_ACTIVE_ARCH = YES;
				SDKROOT = iphoneos;
				SWIFT_ACTIVE_COMPILATION_CONDITIONS = "DEBUG $(inherited)";
				SWIFT_OPTIMIZATION_LEVEL = "-Onone";
			};
			name = Debug;
		};
		A26213422E93E6F300BBBEF0 /* Release */ = {
			isa = XCBuildConfiguration;
			buildSettings = {
				ALWAYS_SEARCH_USER_PATHS = NO;
				ASSETCATALOG_COMPILER_GENERATE_SWIFT_ASSET_SYMBOL_EXTENSIONS = YES;
				CLANG_ANALYZER_NONNULL = YES;
				CLANG_ANALYZER_NUMBER_OBJECT_CONVERSION = YES_AGGRESSIVE;
				CLANG_CXX_LANGUAGE_STANDARD = "gnu++20";
				CLANG_ENABLE_MODULES = YES;
				CLANG_ENABLE_OBJC_ARC = YES;
				CLANG_ENABLE_OBJC_WEAK = YES;
				CLANG_WARN_BLOCK_CAPTURE_AUTORELEASING = YES;
				CLANG_WARN_BOOL_CONVERSION = YES;
				CLANG_WARN_COMMA = YES;
				CLANG_WARN_CONSTANT_CONVERSION = YES;
				CLANG_WARN_DEPRECATED_OBJC_IMPLEMENTATIONS = YES;
				CLANG_WARN_DIRECT_OBJC_ISA_USAGE = YES_ERROR;
				CLANG_WARN_DOCUMENTATION_COMMENTS = YES;
				CLANG_WARN_EMPTY_BODY = YES;
				CLANG_WARN_ENUM_CONVERSION = YES;
				CLANG_WARN_INFINITE_RECURSION = YES;
				CLANG_WARN_INT_CONVERSION = YES;
				CLANG_WARN_NON_LITERAL_NULL_CONVERSION = YES;
				CLANG_WARN_OBJC_IMPLICIT_RETAIN_SELF = YES;
				CLANG_WARN_OBJC_LITERAL_CONVERSION = YES;
				CLANG_WARN_OBJC_ROOT_CLASS = YES_ERROR;
				CLANG_WARN_QUOTED_INCLUDE_IN_FRAMEWORK_HEADER = YES;
				CLANG_WARN_RANGE_LOOP_ANALYSIS = YES;
				CLANG_WARN_STRICT_PROTOTYPES = YES;
				CLANG_WARN_SUSPICIOUS_MOVE = YES;
				CLANG_WARN_UNGUARDED_AVAILABILITY = YES_AGGRESSIVE;
				CLANG_WARN_UNREACHABLE_CODE = YES;
				CLANG_WARN__DUPLICATE_METHOD_MATCH = YES;
				COPY_PHASE_STRIP = NO;
				DEBUG_INFORMATION_FORMAT = "dwarf-with-dsym";
				ENABLE_NS_ASSERTIONS = NO;
				ENABLE_STRICT_OBJC_MSGSEND = YES;
				ENABLE_USER_SCRIPT_SANDBOXING = YES;
				GCC_C_LANGUAGE_STANDARD = gnu17;
				GCC_NO_COMMON_BLOCKS = YES;
				GCC_WARN_64_TO_32_BIT_CONVERSION = YES;
				GCC_WARN_ABOUT_RETURN_TYPE = YES_ERROR;
				GCC_WARN_UNDECLARED_SELECTOR = YES;
				GCC_WARN_UNINITIALIZED_AUTOS = YES_AGGRESSIVE;
				GCC_WARN_UNUSED_FUNCTION = YES;
				GCC_WARN_UNUSED_VARIABLE = YES;
				IPHONEOS_DEPLOYMENT_TARGET = 18.2;
				LOCALIZATION_PREFERS_STRING_CATALOGS = YES;
				MTL_ENABLE_DEBUG_INFO = NO;
				MTL_FAST_MATH = YES;
				SDKROOT = iphoneos;
				SWIFT_COMPILATION_MODE = wholemodule;
				VALIDATE_PRODUCT = YES;
			};
			name = Release;
		};
		A26213442E93E6F300BBBEF0 /* Debug */ = {
			isa = XCBuildConfiguration;
			buildSettings = {
				BUNDLE_LOADER = "$(TEST_HOST)";
				CODE_SIGN_STYLE = Automatic;
				CURRENT_PROJECT_VERSION = 1;
				DEVELOPMENT_TEAM = 4Q738PTDH9;
				GENERATE_INFOPLIST_FILE = YES;
				IPHONEOS_DEPLOYMENT_TARGET = 18.2;
				MARKETING_VERSION = 1.0;
				PRODUCT_BUNDLE_IDENTIFIER = leon.stockProjectTests;
				PRODUCT_NAME = "$(TARGET_NAME)";
				SWIFT_EMIT_LOC_STRINGS = NO;
				SWIFT_VERSION = 5.0;
				TARGETED_DEVICE_FAMILY = "1,2";
				TEST_HOST = "$(BUILT_PRODUCTS_DIR)/stockProject.app/$(BUNDLE_EXECUTABLE_FOLDER_PATH)/stockProject";
			};
			name = Debug;
		};
		A26213452E93E6F300BBBEF0 /* Release */ = {
			isa = XCBuildConfiguration;
			buildSettings = {
				BUNDLE_LOADER = "$(TEST_HOST)";
				CODE_SIGN_STYLE = Automatic;
				CURRENT_PROJECT_VERSION = 1;
				DEVELOPMENT_TEAM = 4Q738PTDH9;
				GENERATE_INFOPLIST_FILE = YES;
				IPHONEOS_DEPLOYMENT_TARGET = 18.2;
				MARKETING_VERSION = 1.0;
				PRODUCT_BUNDLE_IDENTIFIER = leon.stockProjectTests;
				PRODUCT_NAME = "$(TARGET_NAME)";
				SWIFT_EMIT_LOC_STRINGS = NO;
				SWIFT_VERSION = 5.0;
				TARGETED_DEVICE_FAMILY = "1,2";
				TEST_HOST = "$(BUILT_PRODUCTS_DIR)/stockProject.app/$(BUNDLE_EXECUTABLE_FOLDER_PATH)/stockProject";
			};
			name = Release;
		};
		A26213472E93E6F300BBBEF0 /* Debug */ = {
			isa = XCBuildConfiguration;
			buildSettings = {
				CODE_SIGN_STYLE = Automatic;
				CURRENT_PROJECT_VERSION = 1;
				DEVELOPMENT_TEAM = 4Q738PTDH9;
				GENERATE_INFOPLIST_FILE = YES;
				MARKETING_VERSION = 1.0;
				PRODUCT_BUNDLE_IDENTIFIER = leon.stockProjectUITests;
				PRODUCT_NAME = "$(TARGET_NAME)";
				SWIFT_EMIT_LOC_STRINGS = NO;
				SWIFT_VERSION = 5.0;
				TARGETED_DEVICE_FAMILY = "1,2";
				TEST_TARGET_NAME = stockProject;
			};
			name = Debug;
		};
		A26213482E93E6F300BBBEF0 /* Release */ = {
			isa = XCBuildConfiguration;
			buildSettings = {
				CODE_SIGN_STYLE = Automatic;
				CURRENT_PROJECT_VERSION = 1;
				DEVELOPMENT_TEAM = 4Q738PTDH9;
				GENERATE_INFOPLIST_FILE = YES;
				MARKETING_VERSION = 1.0;
				PRODUCT_BUNDLE_IDENTIFIER = leon.stockProjectUITests;
				PRODUCT_NAME = "$(TARGET_NAME)";
				SWIFT_EMIT_LOC_STRINGS = NO;
				SWIFT_VERSION = 5.0;
				TARGETED_DEVICE_FAMILY = "1,2";
				TEST_TARGET_NAME = stockProject;
			};
			name = Release;
		};
/* End XCBuildConfiguration section */

/* Begin XCConfigurationList section */
		A26213102E93E6F100BBBEF0 /* Build configuration list for PBXProject "stockProject" */ = {
			isa = XCConfigurationList;
			buildConfigurations = (
				A26213412E93E6F300BBBEF0 /* Debug */,
				A26213422E93E6F300BBBEF0 /* Release */,
			);
			defaultConfigurationIsVisible = 0;
			defaultConfigurationName = Release;
		};
		A262133E2E93E6F300BBBEF0 /* Build configuration list for PBXNativeTarget "stockProject" */ = {
			isa = XCConfigurationList;
			buildConfigurations = (
				A262133F2E93E6F300BBBEF0 /* Debug */,
				A26213402E93E6F300BBBEF0 /* Release */,
			);
			defaultConfigurationIsVisible = 0;
			defaultConfigurationName = Release;
		};
		A26213432E93E6F300BBBEF0 /* Build configuration list for PBXNativeTarget "stockProjectTests" */ = {
			isa = XCConfigurationList;
			buildConfigurations = (
				A26213442E93E6F300BBBEF0 /* Debug */,
				A26213452E93E6F300BBBEF0 /* Release */,
			);
			defaultConfigurationIsVisible = 0;
			defaultConfigurationName = Release;
		};
		A26213462E93E6F300BBBEF0 /* Build configuration list for PBXNativeTarget "stockProjectUITests" */ = {
			isa = XCConfigurationList;
			buildConfigurations = (
				A26213472E93E6F300BBBEF0 /* Debug */,
				A26213482E93E6F300BBBEF0 /* Release */,
			);
			defaultConfigurationIsVisible = 0;
			defaultConfigurationName = Release;
		};
/* End XCConfigurationList section */
	};
	rootObject = A262130D2E93E6F100BBBEF0 /* Project object */;
}
