{
  "originHash" : "5f82bdeeb802678ca152edb9072940ba2329ff758050eb64094cba5f74c36639",
  "pins" : [
    {
      "identity" : "alamofire",
      "kind" : "remoteSourceControl",
      "location" : "https://github.com/Alamofire/Alamofire.git",
      "state" : {
        "revision" : "513364f870f6bfc468f9d2ff0a95caccc10044c5",
        "version" : "5.10.2"
      }
    },
    {
      "identity" : "rxswift",
      "kind" : "remoteSourceControl",
      "location" : "https://github.com/ReactiveX/RxSwift.git",
      "state" : {
        "revision" : "5dd1907d64f0d36f158f61a466bab75067224893",
        "version" : "6.9.0"
      }
    }
  ],
  "version" : 3
}
